{
  "version": 4,
  "terraform_version": "1.5.7",
  "serial": 1,
  "lineage": "cd6c92ed-de5b-5c52-5e16-2c17e7a30452",
  "outputs": {},
  "resources": [
    {
      "mode": "managed",
      "type": "local_file",
      "name": "batch4file",
      "provider": "provider[\"registry.terraform.io/hashicorp/local\"]",
      "instances": [
        {
          "schema_version": 0,
          "attributes": {
            "content": "This is a file created with TeeraForm",
            "content_base64": null,
            "content_base64sha256": "OYUvUMZ5N6wOYp+X1rNBtBBycXflYYIbbcrDFrCa+Kc=",
            "content_base64sha512": "ntFrxD2QeklqsoDVlMUPYyVKQR4wQDbQ/WnenTP6Yzlm/q7o3GhsmgUkmScFMNw2U5oJIR5hbUH1A/a79uszMA==",
            "content_md5": "d05f5d05e4625090fdd0ac4aa574b104",
            "content_sha1": "b7c8ee9ed9bcf9d44d0f8286615ed44fb089492a",
            "content_sha256": "39852f50c67937ac0e629f97d6b341b410727177e561821b6dcac316b09af8a7",
            "content_sha512": "9ed16bc43d907a496ab280d594c50f63254a411e304036d0fd69de9d33fa633966feaee8dc686c9a052499270530dc36539a09211e616d41f503f6bbf6eb3330",
            "directory_permission": "0777",
            "file_permission": "0777",
            "filename": "/home/ubuntu/terraform-learn/demo.txt",
            "id": "b7c8ee9ed9bcf9d44d0f8286615ed44fb089492a",
            "sensitive_content": null,
            "source": null
          },
          "sensitive_attributes": []
        }
      ]
    }
  ],
  "check_results": null
}
